
Microsoft Visual Studio Solution File, Format Version 12.00
# Visual Studio 2015
Project("{FAE04EC0-301F-11D3-BF4B-00C04F79EFBC}") = "Ods217", "Ods217.csproj", "{0BE03C68-2375-3593-830B-9AB830E44D02}"
EndProject
Project("{FAE04EC0-301F-11D3-BF4B-00C04F79EFBC}") = "Ods217.Editor", "Ods217.Editor.csproj", "{0CC3F383-AEC9-80AF-E64E-970B09B3A5DD}"
EndProject
Global
	GlobalSection(SolutionConfigurationPlatforms) = preSolution
		Debug|Any CPU = Debug|Any CPU
		Release|Any CPU = Release|Any CPU
	EndGlobalSection
	GlobalSection(ProjectConfigurationPlatforms) = postSolution
		{0BE03C68-2375-3593-830B-9AB830E44D02}.Debug|Any CPU.ActiveCfg = Debug|Any CPU
		{0BE03C68-2375-3593-830B-9AB830E44D02}.Debug|Any CPU.Build.0 = Debug|Any CPU
		{0BE03C68-2375-3593-830B-9AB830E44D02}.Release|Any CPU.ActiveCfg = Release|Any CPU
		{0BE03C68-2375-3593-830B-9AB830E44D02}.Release|Any CPU.Build.0 = Release|Any CPU
		{0CC3F383-AEC9-80AF-E64E-970B09B3A5DD}.Debug|Any CPU.ActiveCfg = Debug|Any CPU
		{0CC3F383-AEC9-80AF-E64E-970B09B3A5DD}.Debug|Any CPU.Build.0 = Debug|Any CPU
		{0CC3F383-AEC9-80AF-E64E-970B09B3A5DD}.Release|Any CPU.ActiveCfg = Release|Any CPU
		{0CC3F383-AEC9-80AF-E64E-970B09B3A5DD}.Release|Any CPU.Build.0 = Release|Any CPU
	EndGlobalSection
	GlobalSection(SolutionProperties) = preSolution
		HideSolutionNode = FALSE
	EndGlobalSection
EndGlobal
